
Microsoft Visual Studio Solution File, Format Version 12.00
# Visual Studio 2013
VisualStudioVersion = 12.0.40629.0
MinimumVisualStudioVersion = 10.0.40219.1
Project("{FAE04EC0-301F-11D3-BF4B-00C04F79EFBC}") = "IvManager.Business", "IvManager.Business\IvManager.Business.csproj", "{681FE733-2DE2-4D5C-A3EA-67D243536A82}"
EndProject
Project("{FAE04EC0-301F-11D3-BF4B-00C04F79EFBC}") = "IvManager.ConsoleApp", "IvManager.ConsoleApp\IvManager.ConsoleApp.csproj", "{252FFB28-EF1E-4092-8E78-E10AF46851CB}"
EndProject
Global
	GlobalSection(SolutionConfigurationPlatforms) = preSolution
		Debug|Any CPU = Debug|Any CPU
		Release|Any CPU = Release|Any CPU
	EndGlobalSection
	GlobalSection(ProjectConfigurationPlatforms) = postSolution
		{681FE733-2DE2-4D5C-A3EA-67D243536A82}.Debug|Any CPU.ActiveCfg = Debug|Any CPU
		{681FE733-2DE2-4D5C-A3EA-67D243536A82}.Debug|Any CPU.Build.0 = Debug|Any CPU
		{681FE733-2DE2-4D5C-A3EA-67D243536A82}.Release|Any CPU.ActiveCfg = Release|Any CPU
		{681FE733-2DE2-4D5C-A3EA-67D243536A82}.Release|Any CPU.Build.0 = Release|Any CPU
		{252FFB28-EF1E-4092-8E78-E10AF46851CB}.Debug|Any CPU.ActiveCfg = Debug|Any CPU
		{252FFB28-EF1E-4092-8E78-E10AF46851CB}.Debug|Any CPU.Build.0 = Debug|Any CPU
		{252FFB28-EF1E-4092-8E78-E10AF46851CB}.Release|Any CPU.ActiveCfg = Release|Any CPU
		{252FFB28-EF1E-4092-8E78-E10AF46851CB}.Release|Any CPU.Build.0 = Release|Any CPU
	EndGlobalSection
	GlobalSection(SolutionProperties) = preSolution
		HideSolutionNode = FALSE
	EndGlobalSection
EndGlobal
